
Microsoft Visual Studio Solution File, Format Version 12.00
# Visual Studio 15
VisualStudioVersion = 15.0.28307.960
MinimumVisualStudioVersion = 10.0.40219.1
Project("{FAE04EC0-301F-11D3-BF4B-00C04F79EFBC}") = "TP_Panier", "TP_Panier.csproj", "{D096298F-39A5-4B8F-A198-C5BC003E7BEA}"
EndProject
Global
	GlobalSection(SolutionConfigurationPlatforms) = preSolution
		Debug|Any CPU = Debug|Any CPU
		Release|Any CPU = Release|Any CPU
	EndGlobalSection
	GlobalSection(ProjectConfigurationPlatforms) = postSolution
		{D096298F-39A5-4B8F-A198-C5BC003E7BEA}.Debug|Any CPU.ActiveCfg = Debug|Any CPU
		{D096298F-39A5-4B8F-A198-C5BC003E7BEA}.Debug|Any CPU.Build.0 = Debug|Any CPU
		{D096298F-39A5-4B8F-A198-C5BC003E7BEA}.Release|Any CPU.ActiveCfg = Release|Any CPU
		{D096298F-39A5-4B8F-A198-C5BC003E7BEA}.Release|Any CPU.Build.0 = Release|Any CPU
	EndGlobalSection
	GlobalSection(SolutionProperties) = preSolution
		HideSolutionNode = FALSE
	EndGlobalSection
	GlobalSection(ExtensibilityGlobals) = postSolution
		SolutionGuid = {615CB39A-ED9D-4C2C-B55B-2EA5E766A670}
	EndGlobalSection
EndGlobal
